// !$*UTF8*$!
{
	archiveVersion = 1;
	classes = {
	};
	objectVersion = 46;
	objects = {

/* Begin PBXBuildFile section */
		563135F11BB1AD2C007D46D7 /* Assets.xcassets in Resources */ = {isa = PBXBuildFile; fileRef = 563135F01BB1AD2C007D46D7 /* Assets.xcassets */; };
		563135FF1BB1AD2C007D46D7 /* KidsMathExaminatorTests.swift in Sources */ = {isa = PBXBuildFile; fileRef = 563135FE1BB1AD2C007D46D7 /* KidsMathExaminatorTests.swift */; };
		5631360A1BB1AD2C007D46D7 /* KidsMathExaminatorUITests.swift in Sources */ = {isa = PBXBuildFile; fileRef = 563136091BB1AD2C007D46D7 /* KidsMathExaminatorUITests.swift */; };
		5647F0CD25D6B64B0065C2EE /* InfoPlist.strings in Resources */ = {isa = PBXBuildFile; fileRef = 5647F0CB25D6B64B0065C2EE /* InfoPlist.strings */; };
		5647F0D025D6B64B0065C2EE /* Localizable.strings in Resources */ = {isa = PBXBuildFile; fileRef = 5647F0CE25D6B64B0065C2EE /* Localizable.strings */; };
		5650617C2FBB965600C85FA6 /* KidsMathExaminatorApp.swift in Sources */ = {isa = PBXBuildFile; fileRef = 5650617B2FBB965600C85FA6 /* KidsMathExaminatorApp.swift */; };
		5650617E2FBB965600C85FA6 /* MathSign.swift in Sources */ = {isa = PBXBuildFile; fileRef = 5650617D2FBB965600C85FA6 /* MathSign.swift */; };
		565061802FBB965700C85FA6 /* ExamModels.swift in Sources */ = {isa = PBXBuildFile; fileRef = 5650617F2FBB965700C85FA6 /* ExamModels.swift */; };
		565061822FBB968800C85FA6 /* ContentView.swift in Sources */ = {isa = PBXBuildFile; fileRef = 565061812FBB968800C85FA6 /* ContentView.swift */; };
		565061842FBB968800C85FA6 /* SettingsView.swift in Sources */ = {isa = PBXBuildFile; fileRef = 565061832FBB968800C85FA6 /* SettingsView.swift */; };
		565061862FBB968900C85FA6 /* ExamView.swift in Sources */ = {isa = PBXBuildFile; fileRef = 565061852FBB968900C85FA6 /* ExamView.swift */; };
		565061882FBB96A200C85FA6 /* ExamFinishedView.swift in Sources */ = {isa = PBXBuildFile; fileRef = 565061872FBB96A200C85FA6 /* ExamFinishedView.swift */; };
		5650618A2FBB96A300C85FA6 /* MistakesView.swift in Sources */ = {isa = PBXBuildFile; fileRef = 565061892FBB96A300C85FA6 /* MistakesView.swift */; };
/* End PBXBuildFile section */

/* Begin PBXContainerItemProxy section */
		563135FB1BB1AD2C007D46D7 /* PBXContainerItemProxy */ = {
			isa = PBXContainerItemProxy;
			containerPortal = 563135DE1BB1AD2C007D46D7 /* Project object */;
			proxyType = 1;
			remoteGlobalIDString = 563135E51BB1AD2C007D46D7;
			remoteInfo = KidsMathExaminator;
		};
		563136061BB1AD2C007D46D7 /* PBXContainerItemProxy */ = {
			isa = PBXContainerItemProxy;
			containerPortal = 563135DE1BB1AD2C007D46D7 /* Project object */;
			proxyType = 1;
			remoteGlobalIDString = 563135E51BB1AD2C007D46D7;
			remoteInfo = KidsMathExaminator;
		};
/* End PBXContainerItemProxy section */

/* Begin PBXFileReference section */
		563135E61BB1AD2C007D46D7 /* KidsMathExaminator.app */ = {isa = PBXFileReference; explicitFileType = wrapper.application; includeInIndex = 0; path = KidsMathExaminator.app; sourceTree = BUILT_PRODUCTS_DIR; };
		563135F01BB1AD2C007D46D7 /* Assets.xcassets */ = {isa = PBXFileReference; lastKnownFileType = folder.assetcatalog; path = Assets.xcassets; sourceTree = "<group>"; };
		563135F51BB1AD2C007D46D7 /* Info.plist */ = {isa = PBXFileReference; lastKnownFileType = text.plist.xml; path = Info.plist; sourceTree = "<group>"; };
		563135FA1BB1AD2C007D46D7 /* KidsMathExaminatorTests.xctest */ = {isa = PBXFileReference; explicitFileType = wrapper.cfbundle; includeInIndex = 0; path = KidsMathExaminatorTests.xctest; sourceTree = BUILT_PRODUCTS_DIR; };
		563135FE1BB1AD2C007D46D7 /* KidsMathExaminatorTests.swift */ = {isa = PBXFileReference; lastKnownFileType = sourcecode.swift; path = KidsMathExaminatorTests.swift; sourceTree = "<group>"; };
		563136001BB1AD2C007D46D7 /* Info.plist */ = {isa = PBXFileReference; lastKnownFileType = text.plist.xml; path = Info.plist; sourceTree = "<group>"; };
		563136051BB1AD2C007D46D7 /* KidsMathExaminatorUITests.xctest */ = {isa = PBXFileReference; explicitFileType = wrapper.cfbundle; includeInIndex = 0; path = KidsMathExaminatorUITests.xctest; sourceTree = BUILT_PRODUCTS_DIR; };
		563136091BB1AD2C007D46D7 /* KidsMathExaminatorUITests.swift */ = {isa = PBXFileReference; lastKnownFileType = sourcecode.swift; path = KidsMathExaminatorUITests.swift; sourceTree = "<group>"; };
		5631360B1BB1AD2C007D46D7 /* Info.plist */ = {isa = PBXFileReference; lastKnownFileType = text.plist.xml; path = Info.plist; sourceTree = "<group>"; };
		5647F0CC25D6B64B0065C2EE /* ru */ = {isa = PBXFileReference; lastKnownFileType = text.plist.strings; name = ru; path = ru.lproj/InfoPlist.strings; sourceTree = "<group>"; };
		5647F0CF25D6B64B0065C2EE /* ru */ = {isa = PBXFileReference; lastKnownFileType = text.plist.strings; name = ru; path = ru.lproj/Localizable.strings; sourceTree = "<group>"; };
		5650617B2FBB965600C85FA6 /* KidsMathExaminatorApp.swift */ = {isa = PBXFileReference; lastKnownFileType = sourcecode.swift; path = KidsMathExaminatorApp.swift; sourceTree = "<group>"; };
		5650617D2FBB965600C85FA6 /* MathSign.swift */ = {isa = PBXFileReference; lastKnownFileType = sourcecode.swift; path = MathSign.swift; sourceTree = "<group>"; };
		5650617F2FBB965700C85FA6 /* ExamModels.swift */ = {isa = PBXFileReference; lastKnownFileType = sourcecode.swift; path = ExamModels.swift; sourceTree = "<group>"; };
		565061812FBB968800C85FA6 /* ContentView.swift */ = {isa = PBXFileReference; lastKnownFileType = sourcecode.swift; path = ContentView.swift; sourceTree = "<group>"; };
		565061832FBB968800C85FA6 /* SettingsView.swift */ = {isa = PBXFileReference; lastKnownFileType = sourcecode.swift; path = SettingsView.swift; sourceTree = "<group>"; };
		565061852FBB968900C85FA6 /* ExamView.swift */ = {isa = PBXFileReference; lastKnownFileType = sourcecode.swift; path = ExamView.swift; sourceTree = "<group>"; };
		565061872FBB96A200C85FA6 /* ExamFinishedView.swift */ = {isa = PBXFileReference; lastKnownFileType = sourcecode.swift; path = ExamFinishedView.swift; sourceTree = "<group>"; };
		565061892FBB96A300C85FA6 /* MistakesView.swift */ = {isa = PBXFileReference; lastKnownFileType = sourcecode.swift; path = MistakesView.swift; sourceTree = "<group>"; };
/* End PBXFileReference section */

/* Begin PBXFrameworksBuildPhase section */
		563135E31BB1AD2C007D46D7 /* Frameworks */ = {
			isa = PBXFrameworksBuildPhase;
			buildActionMask = 2147483647;
			files = (
			);
			runOnlyForDeploymentPostprocessing = 0;
		};
		563135F71BB1AD2C007D46D7 /* Frameworks */ = {
			isa = PBXFrameworksBuildPhase;
			buildActionMask = 2147483647;
			files = (
			);
			runOnlyForDeploymentPostprocessing = 0;
		};
		563136021BB1AD2C007D46D7 /* Frameworks */ = {
			isa = PBXFrameworksBuildPhase;
			buildActionMask = 2147483647;
			files = (
			);
			runOnlyForDeploymentPostprocessing = 0;
		};
/* End PBXFrameworksBuildPhase section */

/* Begin PBXGroup section */
		563135DD1BB1AD2C007D46D7 = {
			isa = PBXGroup;
			children = (
				563135E81BB1AD2C007D46D7 /* KidsMathExaminator */,
				563135FD1BB1AD2C007D46D7 /* KidsMathExaminatorTests */,
				563136081BB1AD2C007D46D7 /* KidsMathExaminatorUITests */,
				563135E71BB1AD2C007D46D7 /* Products */,
				563E160C200DE84D002D3577 /* Frameworks */,
			);
			sourceTree = "<group>";
		};
		563135E71BB1AD2C007D46D7 /* Products */ = {
			isa = PBXGroup;
			children = (
				563135E61BB1AD2C007D46D7 /* KidsMathExaminator.app */,
				563135FA1BB1AD2C007D46D7 /* KidsMathExaminatorTests.xctest */,
				563136051BB1AD2C007D46D7 /* KidsMathExaminatorUITests.xctest */,
			);
			name = Products;
			sourceTree = "<group>";
		};
		563135E81BB1AD2C007D46D7 /* KidsMathExaminator */ = {
			isa = PBXGroup;
			children = (
				56D42DF61BB324E000CE6245 /* Resources */,
				565061782FBB963E00C85FA6 /* App */,
				565061792FBB963E00C85FA6 /* Models */,
				5650617A2FBB963F00C85FA6 /* Views */,
			);
			path = KidsMathExaminator;
			sourceTree = "<group>";
		};
		563135FD1BB1AD2C007D46D7 /* KidsMathExaminatorTests */ = {
			isa = PBXGroup;
			children = (
				563135FE1BB1AD2C007D46D7 /* KidsMathExaminatorTests.swift */,
				563136001BB1AD2C007D46D7 /* Info.plist */,
			);
			path = KidsMathExaminatorTests;
			sourceTree = "<group>";
		};
		563136081BB1AD2C007D46D7 /* KidsMathExaminatorUITests */ = {
			isa = PBXGroup;
			children = (
				563136091BB1AD2C007D46D7 /* KidsMathExaminatorUITests.swift */,
				5631360B1BB1AD2C007D46D7 /* Info.plist */,
			);
			path = KidsMathExaminatorUITests;
			sourceTree = "<group>";
		};
		563E160C200DE84D002D3577 /* Frameworks */ = {
			isa = PBXGroup;
			children = (
			);
			name = Frameworks;
			sourceTree = "<group>";
		};
		565061782FBB963E00C85FA6 /* App */ = {
			isa = PBXGroup;
			children = (
				5650617B2FBB965600C85FA6 /* KidsMathExaminatorApp.swift */,
			);
			path = App;
			sourceTree = "<group>";
		};
		565061792FBB963E00C85FA6 /* Models */ = {
			isa = PBXGroup;
			children = (
				5650617D2FBB965600C85FA6 /* MathSign.swift */,
				5650617F2FBB965700C85FA6 /* ExamModels.swift */,
			);
			path = Models;
			sourceTree = "<group>";
		};
		5650617A2FBB963F00C85FA6 /* Views */ = {
			isa = PBXGroup;
			children = (
				565061812FBB968800C85FA6 /* ContentView.swift */,
				565061832FBB968800C85FA6 /* SettingsView.swift */,
				565061852FBB968900C85FA6 /* ExamView.swift */,
				565061872FBB96A200C85FA6 /* ExamFinishedView.swift */,
				565061892FBB96A300C85FA6 /* MistakesView.swift */,
			);
			path = Views;
			sourceTree = "<group>";
		};
		56D42DF61BB324E000CE6245 /* Resources */ = {
			isa = PBXGroup;
			children = (
				563135F01BB1AD2C007D46D7 /* Assets.xcassets */,
				563135F51BB1AD2C007D46D7 /* Info.plist */,
				5647F0CE25D6B64B0065C2EE /* Localizable.strings */,
				5647F0CB25D6B64B0065C2EE /* InfoPlist.strings */,
			);
			name = Resources;
			sourceTree = "<group>";
		};
/* End PBXGroup section */

/* Begin PBXNativeTarget section */
		563135E51BB1AD2C007D46D7 /* KidsMathExaminator */ = {
			isa = PBXNativeTarget;
			buildConfigurationList = 5631360E1BB1AD2C007D46D7 /* Build configuration list for PBXNativeTarget "KidsMathExaminator" */;
			buildPhases = (
				563135E21BB1AD2C007D46D7 /* Sources */,
				563135E31BB1AD2C007D46D7 /* Frameworks */,
				563135E41BB1AD2C007D46D7 /* Resources */,
			);
			buildRules = (
			);
			dependencies = (
			);
			name = KidsMathExaminator;
			productName = KidsMathExaminator;
			productReference = 563135E61BB1AD2C007D46D7 /* KidsMathExaminator.app */;
			productType = "com.apple.product-type.application";
		};
		563135F91BB1AD2C007D46D7 /* KidsMathExaminatorTests */ = {
			isa = PBXNativeTarget;
			buildConfigurationList = 563136111BB1AD2C007D46D7 /* Build configuration list for PBXNativeTarget "KidsMathExaminatorTests" */;
			buildPhases = (
				563135F61BB1AD2C007D46D7 /* Sources */,
				563135F71BB1AD2C007D46D7 /* Frameworks */,
				563135F81BB1AD2C007D46D7 /* Resources */,
			);
			buildRules = (
			);
			dependencies = (
				563135FC1BB1AD2C007D46D7 /* PBXTargetDependency */,
			);
			name = KidsMathExaminatorTests;
			productName = KidsMathExaminatorTests;
			productReference = 563135FA1BB1AD2C007D46D7 /* KidsMathExaminatorTests.xctest */;
			productType = "com.apple.product-type.bundle.unit-test";
		};
		563136041BB1AD2C007D46D7 /* KidsMathExaminatorUITests */ = {
			isa = PBXNativeTarget;
			buildConfigurationList = 563136141BB1AD2C007D46D7 /* Build configuration list for PBXNativeTarget "KidsMathExaminatorUITests" */;
			buildPhases = (
				563136011BB1AD2C007D46D7 /* Sources */,
				563136021BB1AD2C007D46D7 /* Frameworks */,
				563136031BB1AD2C007D46D7 /* Resources */,
			);
			buildRules = (
			);
			dependencies = (
				563136071BB1AD2C007D46D7 /* PBXTargetDependency */,
			);
			name = KidsMathExaminatorUITests;
			productName = KidsMathExaminatorUITests;
			productReference = 563136051BB1AD2C007D46D7 /* KidsMathExaminatorUITests.xctest */;
			productType = "com.apple.product-type.bundle.ui-testing";
		};
/* End PBXNativeTarget section */

/* Begin PBXProject section */
		563135DE1BB1AD2C007D46D7 /* Project object */ = {
			isa = PBXProject;
			attributes = {
				LastUpgradeCheck = 0920;
				ORGANIZATIONNAME = "Dmitry Matyushkin";
				TargetAttributes = {
					563135E51BB1AD2C007D46D7 = {
						CreatedOnToolsVersion = 7.0;
						DevelopmentTeam = 5LPE595N4R;
						LastSwiftMigration = 1000;
						SystemCapabilities = {
							com.apple.GameCenter = {
								enabled = 0;
							};
						};
					};
					563135F91BB1AD2C007D46D7 = {
						CreatedOnToolsVersion = 7.0;
						LastSwiftMigration = 0920;
						TestTargetID = 563135E51BB1AD2C007D46D7;
					};
					563136041BB1AD2C007D46D7 = {
						CreatedOnToolsVersion = 7.0;
						LastSwiftMigration = 0920;
						TestTargetID = 563135E51BB1AD2C007D46D7;
					};
				};
			};
			buildConfigurationList = 563135E11BB1AD2C007D46D7 /* Build configuration list for PBXProject "KidsMathExaminator" */;
			compatibilityVersion = "Xcode 3.2";
			developmentRegion = English;
			hasScannedForEncodings = 0;
			knownRegions = (
				English,
				en,
				Base,
				ru,
			);
			mainGroup = 563135DD1BB1AD2C007D46D7;
			productRefGroup = 563135E71BB1AD2C007D46D7 /* Products */;
			projectDirPath = "";
			projectRoot = "";
			targets = (
				563135E51BB1AD2C007D46D7 /* KidsMathExaminator */,
				563135F91BB1AD2C007D46D7 /* KidsMathExaminatorTests */,
				563136041BB1AD2C007D46D7 /* KidsMathExaminatorUITests */,
			);
		};
/* End PBXProject section */

/* Begin PBXResourcesBuildPhase section */
		563135E41BB1AD2C007D46D7 /* Resources */ = {
			isa = PBXResourcesBuildPhase;
			buildActionMask = 2147483647;
			files = (
				5647F0D025D6B64B0065C2EE /* Localizable.strings in Resources */,
				5647F0CD25D6B64B0065C2EE /* InfoPlist.strings in Resources */,
				563135F11BB1AD2C007D46D7 /* Assets.xcassets in Resources */,
			);
			runOnlyForDeploymentPostprocessing = 0;
		};
		563135F81BB1AD2C007D46D7 /* Resources */ = {
			isa = PBXResourcesBuildPhase;
			buildActionMask = 2147483647;
			files = (
			);
			runOnlyForDeploymentPostprocessing = 0;
		};
		563136031BB1AD2C007D46D7 /* Resources */ = {
			isa = PBXResourcesBuildPhase;
			buildActionMask = 2147483647;
			files = (
			);
			runOnlyForDeploymentPostprocessing = 0;
		};
/* End PBXResourcesBuildPhase section */

/* Begin PBXSourcesBuildPhase section */
		563135E21BB1AD2C007D46D7 /* Sources */ = {
			isa = PBXSourcesBuildPhase;
			buildActionMask = 2147483647;
			files = (
				5650617E2FBB965600C85FA6 /* MathSign.swift in Sources */,
				565061842FBB968800C85FA6 /* SettingsView.swift in Sources */,
				5650618A2FBB96A300C85FA6 /* MistakesView.swift in Sources */,
				565061822FBB968800C85FA6 /* ContentView.swift in Sources */,
				565061882FBB96A200C85FA6 /* ExamFinishedView.swift in Sources */,
				565061802FBB965700C85FA6 /* ExamModels.swift in Sources */,
				5650617C2FBB965600C85FA6 /* KidsMathExaminatorApp.swift in Sources */,
				565061862FBB968900C85FA6 /* ExamView.swift in Sources */,
			);
			runOnlyForDeploymentPostprocessing = 0;
		};
		563135F61BB1AD2C007D46D7 /* Sources */ = {
			isa = PBXSourcesBuildPhase;
			buildActionMask = 2147483647;
			files = (
				563135FF1BB1AD2C007D46D7 /* KidsMathExaminatorTests.swift in Sources */,
			);
			runOnlyForDeploymentPostprocessing = 0;
		};
		563136011BB1AD2C007D46D7 /* Sources */ = {
			isa = PBXSourcesBuildPhase;
			buildActionMask = 2147483647;
			files = (
				5631360A1BB1AD2C007D46D7 /* KidsMathExaminatorUITests.swift in Sources */,
			);
			runOnlyForDeploymentPostprocessing = 0;
		};
/* End PBXSourcesBuildPhase section */

/* Begin PBXTargetDependency section */
		563135FC1BB1AD2C007D46D7 /* PBXTargetDependency */ = {
			isa = PBXTargetDependency;
			target = 563135E51BB1AD2C007D46D7 /* KidsMathExaminator */;
			targetProxy = 563135FB1BB1AD2C007D46D7 /* PBXContainerItemProxy */;
		};
		563136071BB1AD2C007D46D7 /* PBXTargetDependency */ = {
			isa = PBXTargetDependency;
			target = 563135E51BB1AD2C007D46D7 /* KidsMathExaminator */;
			targetProxy = 563136061BB1AD2C007D46D7 /* PBXContainerItemProxy */;
		};
/* End PBXTargetDependency section */

/* Begin PBXVariantGroup section */
		5647F0CB25D6B64B0065C2EE /* InfoPlist.strings */ = {
			isa = PBXVariantGroup;
			children = (
				5647F0CC25D6B64B0065C2EE /* ru */,
			);
			name = InfoPlist.strings;
			sourceTree = "<group>";
		};
		5647F0CE25D6B64B0065C2EE /* Localizable.strings */ = {
			isa = PBXVariantGroup;
			children = (
				5647F0CF25D6B64B0065C2EE /* ru */,
			);
			name = Localizable.strings;
			sourceTree = "<group>";
		};
/* End PBXVariantGroup section */

/* Begin XCBuildConfiguration section */
		5631360C1BB1AD2C007D46D7 /* Debug */ = {
			isa = XCBuildConfiguration;
			buildSettings = {
				ALWAYS_SEARCH_USER_PATHS = NO;
				CLANG_CXX_LANGUAGE_STANDARD = "gnu++0x";
				CLANG_CXX_LIBRARY = "libc++";
				CLANG_ENABLE_MODULES = YES;
				CLANG_ENABLE_OBJC_ARC = YES;
				CLANG_WARN_BLOCK_CAPTURE_AUTORELEASING = YES;
				CLANG_WARN_BOOL_CONVERSION = YES;
				CLANG_WARN_COMMA = YES;
				CLANG_WARN_CONSTANT_CONVERSION = YES;
				CLANG_WARN_DIRECT_OBJC_ISA_USAGE = YES_ERROR;
				CLANG_WARN_EMPTY_BODY = YES;
				CLANG_WARN_ENUM_CONVERSION = YES;
				CLANG_WARN_INFINITE_RECURSION = YES;
				CLANG_WARN_INT_CONVERSION = YES;
				CLANG_WARN_NON_LITERAL_NULL_CONVERSION = YES;
				CLANG_WARN_OBJC_LITERAL_CONVERSION = YES;
				CLANG_WARN_OBJC_ROOT_CLASS = YES_ERROR;
				CLANG_WARN_RANGE_LOOP_ANALYSIS = YES;
				CLANG_WARN_STRICT_PROTOTYPES = YES;
				CLANG_WARN_SUSPICIOUS_MOVE = YES;
				CLANG_WARN_UNREACHABLE_CODE = YES;
				CLANG_WARN__DUPLICATE_METHOD_MATCH = YES;
				"CODE_SIGN_IDENTITY[sdk=iphoneos*]" = "iPhone Developer";
				COPY_PHASE_STRIP = NO;
				DEBUG_INFORMATION_FORMAT = dwarf;
				ENABLE_STRICT_OBJC_MSGSEND = YES;
				ENABLE_TESTABILITY = YES;
				GCC_C_LANGUAGE_STANDARD = gnu99;
				GCC_DYNAMIC_NO_PIC = NO;
				GCC_NO_COMMON_BLOCKS = YES;
				GCC_OPTIMIZATION_LEVEL = 0;
				GCC_PREPROCESSOR_DEFINITIONS = (
					"DEBUG=1",
					"$(inherited)",
				);
				GCC_WARN_64_TO_32_BIT_CONVERSION = YES;
				GCC_WARN_ABOUT_RETURN_TYPE = YES_ERROR;
				GCC_WARN_UNDECLARED_SELECTOR = YES;
				GCC_WARN_UNINITIALIZED_AUTOS = YES_AGGRESSIVE;
				GCC_WARN_UNUSED_FUNCTION = YES;
				GCC_WARN_UNUSED_VARIABLE = YES;
				IPHONEOS_DEPLOYMENT_TARGET = 9.0;
				MTL_ENABLE_DEBUG_INFO = YES;
				ONLY_ACTIVE_ARCH = YES;
				SDKROOT = iphoneos;
				SWIFT_OPTIMIZATION_LEVEL = "-Onone";
			};
			name = Debug;
		};
		5631360D1BB1AD2C007D46D7 /* Release */ = {
			isa = XCBuildConfiguration;
			buildSettings = {
				ALWAYS_SEARCH_USER_PATHS = NO;
				CLANG_CXX_LANGUAGE_STANDARD = "gnu++0x";
				CLANG_CXX_LIBRARY = "libc++";
				CLANG_ENABLE_MODULES = YES;
				CLANG_ENABLE_OBJC_ARC = YES;
				CLANG_WARN_BLOCK_CAPTURE_AUTORELEASING = YES;
				CLANG_WARN_BOOL_CONVERSION = YES;
				CLANG_WARN_COMMA = YES;
				CLANG_WARN_CONSTANT_CONVERSION = YES;
				CLANG_WARN_DIRECT_OBJC_ISA_USAGE = YES_ERROR;
				CLANG_WARN_EMPTY_BODY = YES;
				CLANG_WARN_ENUM_CONVERSION = YES;
				CLANG_WARN_INFINITE_RECURSION = YES;
				CLANG_WARN_INT_CONVERSION = YES;
				CLANG_WARN_NON_LITERAL_NULL_CONVERSION = YES;
				CLANG_WARN_OBJC_LITERAL_CONVERSION = YES;
				CLANG_WARN_OBJC_ROOT_CLASS = YES_ERROR;
				CLANG_WARN_RANGE_LOOP_ANALYSIS = YES;
				CLANG_WARN_STRICT_PROTOTYPES = YES;
				CLANG_WARN_SUSPICIOUS_MOVE = YES;
				CLANG_WARN_UNREACHABLE_CODE = YES;
				CLANG_WARN__DUPLICATE_METHOD_MATCH = YES;
				"CODE_SIGN_IDENTITY[sdk=iphoneos*]" = "iPhone Developer";
				COPY_PHASE_STRIP = NO;
				DEBUG_INFORMATION_FORMAT = "dwarf-with-dsym";
				ENABLE_NS_ASSERTIONS = NO;
				ENABLE_STRICT_OBJC_MSGSEND = YES;
				GCC_C_LANGUAGE_STANDARD = gnu99;
				GCC_NO_COMMON_BLOCKS = YES;
				GCC_WARN_64_TO_32_BIT_CONVERSION = YES;
				GCC_WARN_ABOUT_RETURN_TYPE = YES_ERROR;
				GCC_WARN_UNDECLARED_SELECTOR = YES;
				GCC_WARN_UNINITIALIZED_AUTOS = YES_AGGRESSIVE;
				GCC_WARN_UNUSED_FUNCTION = YES;
				GCC_WARN_UNUSED_VARIABLE = YES;
				IPHONEOS_DEPLOYMENT_TARGET = 9.0;
				MTL_ENABLE_DEBUG_INFO = NO;
				SDKROOT = iphoneos;
				SWIFT_OPTIMIZATION_LEVEL = "-Owholemodule";
				VALIDATE_PRODUCT = YES;
			};
			name = Release;
		};
		5631360F1BB1AD2C007D46D7 /* Debug */ = {
			isa = XCBuildConfiguration;
			buildSettings = {
				ASSETCATALOG_COMPILER_APPICON_NAME = AppIcon;
				CURRENT_PROJECT_VERSION = 1;
				DEVELOPMENT_TEAM = 5LPE595N4R;
				INFOPLIST_FILE = KidsMathExaminator/Info.plist;
				IPHONEOS_DEPLOYMENT_TARGET = 17.6;
				LD_RUNPATH_SEARCH_PATHS = "$(inherited) @executable_path/Frameworks";
				MARKETING_VERSION = 2.0;
				PRODUCT_BUNDLE_IDENTIFIER = com.mdd.KidsMathExaminator;
				PRODUCT_NAME = "$(TARGET_NAME)";
				SWIFT_VERSION = 4.2;
			};
			name = Debug;
		};
		563136101BB1AD2C007D46D7 /* Release */ = {
			isa = XCBuildConfiguration;
			buildSettings = {
				ASSETCATALOG_COMPILER_APPICON_NAME = AppIcon;
				CURRENT_PROJECT_VERSION = 1;
				DEVELOPMENT_TEAM = 5LPE595N4R;
				INFOPLIST_FILE = KidsMathExaminator/Info.plist;
				IPHONEOS_DEPLOYMENT_TARGET = 17.6;
				LD_RUNPATH_SEARCH_PATHS = "$(inherited) @executable_path/Frameworks";
				MARKETING_VERSION = 2.0;
				PRODUCT_BUNDLE_IDENTIFIER = com.mdd.KidsMathExaminator;
				PRODUCT_NAME = "$(TARGET_NAME)";
				SWIFT_VERSION = 4.2;
			};
			name = Release;
		};
		563136121BB1AD2C007D46D7 /* Debug */ = {
			isa = XCBuildConfiguration;
			buildSettings = {
				BUNDLE_LOADER = "$(TEST_HOST)";
				INFOPLIST_FILE = KidsMathExaminatorTests/Info.plist;
				IPHONEOS_DEPLOYMENT_TARGET = 17.6;
				LD_RUNPATH_SEARCH_PATHS = "$(inherited) @executable_path/Frameworks @loader_path/Frameworks";
				PRODUCT_BUNDLE_IDENTIFIER = com.mdd.KidsMathExaminatorTests;
				PRODUCT_NAME = "$(TARGET_NAME)";
				SWIFT_SWIFT3_OBJC_INFERENCE = On;
				SWIFT_VERSION = 4.0;
				TEST_HOST = "$(BUILT_PRODUCTS_DIR)/KidsMathExaminator.app/KidsMathExaminator";
			};
			name = Debug;
		};
		563136131BB1AD2C007D46D7 /* Release */ = {
			isa = XCBuildConfiguration;
			buildSettings = {
				BUNDLE_LOADER = "$(TEST_HOST)";
				INFOPLIST_FILE = KidsMathExaminatorTests/Info.plist;
				IPHONEOS_DEPLOYMENT_TARGET = 17.6;
				LD_RUNPATH_SEARCH_PATHS = "$(inherited) @executable_path/Frameworks @loader_path/Frameworks";
				PRODUCT_BUNDLE_IDENTIFIER = com.mdd.KidsMathExaminatorTests;
				PRODUCT_NAME = "$(TARGET_NAME)";
				SWIFT_SWIFT3_OBJC_INFERENCE = On;
				SWIFT_VERSION = 4.0;
				TEST_HOST = "$(BUILT_PRODUCTS_DIR)/KidsMathExaminator.app/KidsMathExaminator";
			};
			name = Release;
		};
		563136151BB1AD2C007D46D7 /* Debug */ = {
			isa = XCBuildConfiguration;
			buildSettings = {
				INFOPLIST_FILE = KidsMathExaminatorUITests/Info.plist;
				IPHONEOS_DEPLOYMENT_TARGET = 17.6;
				LD_RUNPATH_SEARCH_PATHS = "$(inherited) @executable_path/Frameworks @loader_path/Frameworks";
				PRODUCT_BUNDLE_IDENTIFIER = com.mdd.KidsMathExaminatorUITests;
				PRODUCT_NAME = "$(TARGET_NAME)";
				SWIFT_SWIFT3_OBJC_INFERENCE = On;
				SWIFT_VERSION = 4.0;
				TEST_TARGET_NAME = KidsMathExaminator;
				USES_XCTRUNNER = YES;
			};
			name = Debug;
		};
		563136161BB1AD2C007D46D7 /* Release */ = {
			isa = XCBuildConfiguration;
			buildSettings = {
				INFOPLIST_FILE = KidsMathExaminatorUITests/Info.plist;
				IPHONEOS_DEPLOYMENT_TARGET = 17.6;
				LD_RUNPATH_SEARCH_PATHS = "$(inherited) @executable_path/Frameworks @loader_path/Frameworks";
				PRODUCT_BUNDLE_IDENTIFIER = com.mdd.KidsMathExaminatorUITests;
				PRODUCT_NAME = "$(TARGET_NAME)";
				SWIFT_SWIFT3_OBJC_INFERENCE = On;
				SWIFT_VERSION = 4.0;
				TEST_TARGET_NAME = KidsMathExaminator;
				USES_XCTRUNNER = YES;
			};
			name = Release;
		};
/* End XCBuildConfiguration section */

/* Begin XCConfigurationList section */
		563135E11BB1AD2C007D46D7 /* Build configuration list for PBXProject "KidsMathExaminator" */ = {
			isa = XCConfigurationList;
			buildConfigurations = (
				5631360C1BB1AD2C007D46D7 /* Debug */,
				5631360D1BB1AD2C007D46D7 /* Release */,
			);
			defaultConfigurationIsVisible = 0;
			defaultConfigurationName = Release;
		};
		5631360E1BB1AD2C007D46D7 /* Build configuration list for PBXNativeTarget "KidsMathExaminator" */ = {
			isa = XCConfigurationList;
			buildConfigurations = (
				5631360F1BB1AD2C007D46D7 /* Debug */,
				563136101BB1AD2C007D46D7 /* Release */,
			);
			defaultConfigurationIsVisible = 0;
			defaultConfigurationName = Release;
		};
		563136111BB1AD2C007D46D7 /* Build configuration list for PBXNativeTarget "KidsMathExaminatorTests" */ = {
			isa = XCConfigurationList;
			buildConfigurations = (
				563136121BB1AD2C007D46D7 /* Debug */,
				563136131BB1AD2C007D46D7 /* Release */,
			);
			defaultConfigurationIsVisible = 0;
			defaultConfigurationName = Release;
		};
		563136141BB1AD2C007D46D7 /* Build configuration list for PBXNativeTarget "KidsMathExaminatorUITests" */ = {
			isa = XCConfigurationList;
			buildConfigurations = (
				563136151BB1AD2C007D46D7 /* Debug */,
				563136161BB1AD2C007D46D7 /* Release */,
			);
			defaultConfigurationIsVisible = 0;
			defaultConfigurationName = Release;
		};
/* End XCConfigurationList section */
	};
	rootObject = 563135DE1BB1AD2C007D46D7 /* Project object */;
}
